// !$*UTF8*$!
{
	archiveVersion = 1;
	classes = {
	};
	objectVersion = 55;
	objects = {

/* Begin PBXBuildFile section */
		010262AA2776BB4900256906 /* ITBookDetail.swift in Sources */ = {isa = PBXBuildFile; fileRef = 010262A92776BB4900256906 /* ITBookDetail.swift */; };
		010262AC2776BC1100256906 /* API+ITBookDetail.swift in Sources */ = {isa = PBXBuildFile; fileRef = 010262AB2776BC1100256906 /* API+ITBookDetail.swift */; };
		010262AF2776C56500256906 /* String+Extension.swift in Sources */ = {isa = PBXBuildFile; fileRef = 010262AE2776C56500256906 /* String+Extension.swift */; };
		010262B22776C94000256906 /* ViewModelType.swift in Sources */ = {isa = PBXBuildFile; fileRef = 010262B12776C94000256906 /* ViewModelType.swift */; };
		017A571B2776DD1000642F72 /* ITBookSotreAPITests.swift in Sources */ = {isa = PBXBuildFile; fileRef = 017A571A2776DD1000642F72 /* ITBookSotreAPITests.swift */; };
		017A571D2776E46600642F72 /* API+NewITBooks.swift in Sources */ = {isa = PBXBuildFile; fileRef = 017A571C2776E46600642F72 /* API+NewITBooks.swift */; };
		017A572327770AE900642F72 /* Cancellable.swift in Sources */ = {isa = PBXBuildFile; fileRef = 017A572227770AE900642F72 /* Cancellable.swift */; };
		017A5727277744E400642F72 /* UIImageView+Extension.swift in Sources */ = {isa = PBXBuildFile; fileRef = 017A5726277744E400642F72 /* UIImageView+Extension.swift */; };
		017A572A27774EA500642F72 /* DataCacheable.swift in Sources */ = {isa = PBXBuildFile; fileRef = 017A572927774EA500642F72 /* DataCacheable.swift */; };
		017A572D27775C0200642F72 /* Atomic.swift in Sources */ = {isa = PBXBuildFile; fileRef = 017A572C27775C0200642F72 /* Atomic.swift */; };
		017A572F27776A7800642F72 /* ITBookStoreCacheTests.swift in Sources */ = {isa = PBXBuildFile; fileRef = 017A572E27776A7800642F72 /* ITBookStoreCacheTests.swift */; };
		017A573127778F1900642F72 /* ITBookStoreImageViewTests.swift in Sources */ = {isa = PBXBuildFile; fileRef = 017A573027778F1900642F72 /* ITBookStoreImageViewTests.swift */; };
		01A0FC232775F70300F30271 /* AppDelegate.swift in Sources */ = {isa = PBXBuildFile; fileRef = 01A0FC222775F70300F30271 /* AppDelegate.swift */; };
		01A0FC252775F70300F30271 /* SceneDelegate.swift in Sources */ = {isa = PBXBuildFile; fileRef = 01A0FC242775F70300F30271 /* SceneDelegate.swift */; };
		01A0FC272775F70300F30271 /* ViewController.swift in Sources */ = {isa = PBXBuildFile; fileRef = 01A0FC262775F70300F30271 /* ViewController.swift */; };
		01A0FC2A2775F70300F30271 /* Main.storyboard in Resources */ = {isa = PBXBuildFile; fileRef = 01A0FC282775F70300F30271 /* Main.storyboard */; };
		01A0FC2C2775F70500F30271 /* Assets.xcassets in Resources */ = {isa = PBXBuildFile; fileRef = 01A0FC2B2775F70500F30271 /* Assets.xcassets */; };
		01A0FC2F2775F70500F30271 /* LaunchScreen.storyboard in Resources */ = {isa = PBXBuildFile; fileRef = 01A0FC2D2775F70500F30271 /* LaunchScreen.storyboard */; };
		01A0FC3A2775F70500F30271 /* ITBookStoreEntityTests.swift in Sources */ = {isa = PBXBuildFile; fileRef = 01A0FC392775F70500F30271 /* ITBookStoreEntityTests.swift */; };
		01A0FC442775F70500F30271 /* ITBookStoreUITests.swift in Sources */ = {isa = PBXBuildFile; fileRef = 01A0FC432775F70500F30271 /* ITBookStoreUITests.swift */; };
		01A0FC462775F70500F30271 /* ITBookStoreUITestsLaunchTests.swift in Sources */ = {isa = PBXBuildFile; fileRef = 01A0FC452775F70500F30271 /* ITBookStoreUITestsLaunchTests.swift */; };
		01A0FC552775F99400F30271 /* RxBlocking in Frameworks */ = {isa = PBXBuildFile; productRef = 01A0FC542775F99400F30271 /* RxBlocking */; };
		01A0FC572775F99400F30271 /* RxCocoa in Frameworks */ = {isa = PBXBuildFile; productRef = 01A0FC562775F99400F30271 /* RxCocoa */; };
		01A0FC592775F99400F30271 /* RxRelay in Frameworks */ = {isa = PBXBuildFile; productRef = 01A0FC582775F99400F30271 /* RxRelay */; };
		01A0FC5B2775F99400F30271 /* RxSwift in Frameworks */ = {isa = PBXBuildFile; productRef = 01A0FC5A2775F99400F30271 /* RxSwift */; };
		01A0FC5D2775F99400F30271 /* RxTest in Frameworks */ = {isa = PBXBuildFile; productRef = 01A0FC5C2775F99400F30271 /* RxTest */; };
		01A0FC602775F9B700F30271 /* Quick in Frameworks */ = {isa = PBXBuildFile; productRef = 01A0FC5F2775F9B700F30271 /* Quick */; };
		01A0FC662775FC3400F30271 /* ITBook.swift in Sources */ = {isa = PBXBuildFile; fileRef = 01A0FC652775FC3400F30271 /* ITBook.swift */; };
		01A0FC69277600E100F30271 /* RxNimble in Frameworks */ = {isa = PBXBuildFile; productRef = 01A0FC68277600E100F30271 /* RxNimble */; };
		01A0FC6D2776037C00F30271 /* SearchITBookUseCase.swift in Sources */ = {isa = PBXBuildFile; fileRef = 01A0FC6C2776037C00F30271 /* SearchITBookUseCase.swift */; };
		01A0FC712776084A00F30271 /* ITBookRepository.swift in Sources */ = {isa = PBXBuildFile; fileRef = 01A0FC702776084A00F30271 /* ITBookRepository.swift */; };
		01A0FC7327760D7100F30271 /* ITBookUseCaseTests.swift in Sources */ = {isa = PBXBuildFile; fileRef = 01A0FC7227760D7100F30271 /* ITBookUseCaseTests.swift */; };
		01A0FC7A2776160800F30271 /* ITBookStoreRepository.swift in Sources */ = {isa = PBXBuildFile; fileRef = 01A0FC792776160800F30271 /* ITBookStoreRepository.swift */; };
		01A0FC7C2776175D00F30271 /* API.swift in Sources */ = {isa = PBXBuildFile; fileRef = 01A0FC7B2776175D00F30271 /* API.swift */; };
		01A0FC7F277617C300F30271 /* Alamofire in Frameworks */ = {isa = PBXBuildFile; productRef = 01A0FC7E277617C300F30271 /* Alamofire */; };
		01A0FC81277617FE00F30271 /* ParameterConvertable.swift in Sources */ = {isa = PBXBuildFile; fileRef = 01A0FC80277617FE00F30271 /* ParameterConvertable.swift */; };
		01A0FC832776184A00F30271 /* ResponseConvertable.swift in Sources */ = {isa = PBXBuildFile; fileRef = 01A0FC822776184A00F30271 /* ResponseConvertable.swift */; };
		01A0FC8927761B1D00F30271 /* APIError.swift in Sources */ = {isa = PBXBuildFile; fileRef = 01A0FC8827761B1D00F30271 /* APIError.swift */; };
		01A0FC8B2776296600F30271 /* ITBookStoreAPI.swift in Sources */ = {isa = PBXBuildFile; fileRef = 01A0FC8A2776296600F30271 /* ITBookStoreAPI.swift */; };
		01A0FC8D27762C4D00F30271 /* API+ITBooks.swift in Sources */ = {isa = PBXBuildFile; fileRef = 01A0FC8C27762C4D00F30271 /* API+ITBooks.swift */; };
		01EF80C627781A43007D36A5 /* Differentiator in Frameworks */ = {isa = PBXBuildFile; productRef = 01EF80C527781A43007D36A5 /* Differentiator */; };
		01EF80C827781A43007D36A5 /* RxDataSources in Frameworks */ = {isa = PBXBuildFile; productRef = 01EF80C727781A43007D36A5 /* RxDataSources */; };
		01EF80CB27781A74007D36A5 /* RxOptional in Frameworks */ = {isa = PBXBuildFile; productRef = 01EF80CA27781A74007D36A5 /* RxOptional */; };
		01EF80CD27781A86007D36A5 /* SearchTableViewController.swift in Sources */ = {isa = PBXBuildFile; fileRef = 01EF80CC27781A86007D36A5 /* SearchTableViewController.swift */; };
		01EF80D027781C26007D36A5 /* Then in Frameworks */ = {isa = PBXBuildFile; productRef = 01EF80CF27781C26007D36A5 /* Then */; };
		01EF80D227781D7E007D36A5 /* SearchResultViewController.swift in Sources */ = {isa = PBXBuildFile; fileRef = 01EF80D127781D7E007D36A5 /* SearchResultViewController.swift */; };
		01EF80D7277824EC007D36A5 /* StoryBoardInstantiable.swift in Sources */ = {isa = PBXBuildFile; fileRef = 01EF80D6277824EC007D36A5 /* StoryBoardInstantiable.swift */; };
		01EF80D9277828E2007D36A5 /* SearchTableViewModel.swift in Sources */ = {isa = PBXBuildFile; fileRef = 01EF80D8277828E2007D36A5 /* SearchTableViewModel.swift */; };
		01EF80DB277833D0007D36A5 /* ITBookStoreViewModelTests.swift in Sources */ = {isa = PBXBuildFile; fileRef = 01EF80DA277833D0007D36A5 /* ITBookStoreViewModelTests.swift */; };
		01EF80DD277849DA007D36A5 /* RxRelay in Frameworks */ = {isa = PBXBuildFile; productRef = 01EF80DC277849DA007D36A5 /* RxRelay */; };
		01EF80DF277849DA007D36A5 /* RxSwift in Frameworks */ = {isa = PBXBuildFile; productRef = 01EF80DE277849DA007D36A5 /* RxSwift */; };
/* End PBXBuildFile section */

/* Begin PBXContainerItemProxy section */
		01A0FC362775F70500F30271 /* PBXContainerItemProxy */ = {
			isa = PBXContainerItemProxy;
			containerPortal = 01A0FC172775F70300F30271 /* Project object */;
			proxyType = 1;
			remoteGlobalIDString = 01A0FC1E2775F70300F30271;
			remoteInfo = ITBookStore;
		};
		01A0FC402775F70500F30271 /* PBXContainerItemProxy */ = {
			isa = PBXContainerItemProxy;
			containerPortal = 01A0FC172775F70300F30271 /* Project object */;
			proxyType = 1;
			remoteGlobalIDString = 01A0FC1E2775F70300F30271;
			remoteInfo = ITBookStore;
		};
/* End PBXContainerItemProxy section */

/* Begin PBXFileReference section */
		010262A92776BB4900256906 /* ITBookDetail.swift */ = {isa = PBXFileReference; lastKnownFileType = sourcecode.swift; path = ITBookDetail.swift; sourceTree = "<group>"; };
		010262AB2776BC1100256906 /* API+ITBookDetail.swift */ = {isa = PBXFileReference; lastKnownFileType = sourcecode.swift; path = "API+ITBookDetail.swift"; sourceTree = "<group>"; };
		010262AE2776C56500256906 /* String+Extension.swift */ = {isa = PBXFileReference; lastKnownFileType = sourcecode.swift; path = "String+Extension.swift"; sourceTree = "<group>"; };
		010262B12776C94000256906 /* ViewModelType.swift */ = {isa = PBXFileReference; lastKnownFileType = sourcecode.swift; path = ViewModelType.swift; sourceTree = "<group>"; };
		017A57152776DB4B00642F72 /* ITBookStore.xctestplan */ = {isa = PBXFileReference; lastKnownFileType = text; path = ITBookStore.xctestplan; sourceTree = "<group>"; };
		017A57182776DC2300642F72 /* ITBookStoreAPI.xctestplan */ = {isa = PBXFileReference; lastKnownFileType = text; path = ITBookStoreAPI.xctestplan; sourceTree = "<group>"; };
		017A571A2776DD1000642F72 /* ITBookSotreAPITests.swift */ = {isa = PBXFileReference; lastKnownFileType = sourcecode.swift; path = ITBookSotreAPITests.swift; sourceTree = "<group>"; };
		017A571C2776E46600642F72 /* API+NewITBooks.swift */ = {isa = PBXFileReference; lastKnownFileType = sourcecode.swift; path = "API+NewITBooks.swift"; sourceTree = "<group>"; };
		017A572227770AE900642F72 /* Cancellable.swift */ = {isa = PBXFileReference; lastKnownFileType = sourcecode.swift; path = Cancellable.swift; sourceTree = "<group>"; };
		017A5726277744E400642F72 /* UIImageView+Extension.swift */ = {isa = PBXFileReference; lastKnownFileType = sourcecode.swift; path = "UIImageView+Extension.swift"; sourceTree = "<group>"; };
		017A572927774EA500642F72 /* DataCacheable.swift */ = {isa = PBXFileReference; lastKnownFileType = sourcecode.swift; path = DataCacheable.swift; sourceTree = "<group>"; };
		017A572C27775C0200642F72 /* Atomic.swift */ = {isa = PBXFileReference; lastKnownFileType = sourcecode.swift; path = Atomic.swift; sourceTree = "<group>"; };
		017A572E27776A7800642F72 /* ITBookStoreCacheTests.swift */ = {isa = PBXFileReference; lastKnownFileType = sourcecode.swift; path = ITBookStoreCacheTests.swift; sourceTree = "<group>"; };
		017A573027778F1900642F72 /* ITBookStoreImageViewTests.swift */ = {isa = PBXFileReference; lastKnownFileType = sourcecode.swift; path = ITBookStoreImageViewTests.swift; sourceTree = "<group>"; };
		01A0FC1F2775F70300F30271 /* ITBookStore.app */ = {isa = PBXFileReference; explicitFileType = wrapper.application; includeInIndex = 0; path = ITBookStore.app; sourceTree = BUILT_PRODUCTS_DIR; };
		01A0FC222775F70300F30271 /* AppDelegate.swift */ = {isa = PBXFileReference; lastKnownFileType = sourcecode.swift; path = AppDelegate.swift; sourceTree = "<group>"; };
		01A0FC242775F70300F30271 /* SceneDelegate.swift */ = {isa = PBXFileReference; lastKnownFileType = sourcecode.swift; path = SceneDelegate.swift; sourceTree = "<group>"; };
		01A0FC262775F70300F30271 /* ViewController.swift */ = {isa = PBXFileReference; lastKnownFileType = sourcecode.swift; path = ViewController.swift; sourceTree = "<group>"; };
		01A0FC292775F70300F30271 /* Base */ = {isa = PBXFileReference; lastKnownFileType = file.storyboard; name = Base; path = Base.lproj/Main.storyboard; sourceTree = "<group>"; };
		01A0FC2B2775F70500F30271 /* Assets.xcassets */ = {isa = PBXFileReference; lastKnownFileType = folder.assetcatalog; path = Assets.xcassets; sourceTree = "<group>"; };
		01A0FC2E2775F70500F30271 /* Base */ = {isa = PBXFileReference; lastKnownFileType = file.storyboard; name = Base; path = Base.lproj/LaunchScreen.storyboard; sourceTree = "<group>"; };
		01A0FC302775F70500F30271 /* Info.plist */ = {isa = PBXFileReference; lastKnownFileType = text.plist.xml; path = Info.plist; sourceTree = "<group>"; };
		01A0FC352775F70500F30271 /* ITBookStoreTests.xctest */ = {isa = PBXFileReference; explicitFileType = wrapper.cfbundle; includeInIndex = 0; path = ITBookStoreTests.xctest; sourceTree = BUILT_PRODUCTS_DIR; };
		01A0FC392775F70500F30271 /* ITBookStoreEntityTests.swift */ = {isa = PBXFileReference; lastKnownFileType = sourcecode.swift; path = ITBookStoreEntityTests.swift; sourceTree = "<group>"; };
		01A0FC3F2775F70500F30271 /* ITBookStoreUITests.xctest */ = {isa = PBXFileReference; explicitFileType = wrapper.cfbundle; includeInIndex = 0; path = ITBookStoreUITests.xctest; sourceTree = BUILT_PRODUCTS_DIR; };
		01A0FC432775F70500F30271 /* ITBookStoreUITests.swift */ = {isa = PBXFileReference; lastKnownFileType = sourcecode.swift; path = ITBookStoreUITests.swift; sourceTree = "<group>"; };
		01A0FC452775F70500F30271 /* ITBookStoreUITestsLaunchTests.swift */ = {isa = PBXFileReference; lastKnownFileType = sourcecode.swift; path = ITBookStoreUITestsLaunchTests.swift; sourceTree = "<group>"; };
		01A0FC522775F75000F30271 /* README.md */ = {isa = PBXFileReference; lastKnownFileType = net.daringfireball.markdown; path = README.md; sourceTree = "<group>"; };
		01A0FC652775FC3400F30271 /* ITBook.swift */ = {isa = PBXFileReference; lastKnownFileType = sourcecode.swift; path = ITBook.swift; sourceTree = "<group>"; };
		01A0FC6C2776037C00F30271 /* SearchITBookUseCase.swift */ = {isa = PBXFileReference; lastKnownFileType = sourcecode.swift; path = SearchITBookUseCase.swift; sourceTree = "<group>"; };
		01A0FC702776084A00F30271 /* ITBookRepository.swift */ = {isa = PBXFileReference; lastKnownFileType = sourcecode.swift; path = ITBookRepository.swift; sourceTree = "<group>"; };
		01A0FC7227760D7100F30271 /* ITBookUseCaseTests.swift */ = {isa = PBXFileReference; lastKnownFileType = sourcecode.swift; path = ITBookUseCaseTests.swift; sourceTree = "<group>"; };
		01A0FC792776160800F30271 /* ITBookStoreRepository.swift */ = {isa = PBXFileReference; lastKnownFileType = sourcecode.swift; path = ITBookStoreRepository.swift; sourceTree = "<group>"; };
		01A0FC7B2776175D00F30271 /* API.swift */ = {isa = PBXFileReference; lastKnownFileType = sourcecode.swift; path = API.swift; sourceTree = "<group>"; };
		01A0FC80277617FE00F30271 /* ParameterConvertable.swift */ = {isa = PBXFileReference; lastKnownFileType = sourcecode.swift; path = ParameterConvertable.swift; sourceTree = "<group>"; };
		01A0FC822776184A00F30271 /* ResponseConvertable.swift */ = {isa = PBXFileReference; lastKnownFileType = sourcecode.swift; path = ResponseConvertable.swift; sourceTree = "<group>"; };
		01A0FC8827761B1D00F30271 /* APIError.swift */ = {isa = PBXFileReference; lastKnownFileType = sourcecode.swift; path = APIError.swift; sourceTree = "<group>"; };
		01A0FC8A2776296600F30271 /* ITBookStoreAPI.swift */ = {isa = PBXFileReference; lastKnownFileType = sourcecode.swift; path = ITBookStoreAPI.swift; sourceTree = "<group>"; };
		01A0FC8C27762C4D00F30271 /* API+ITBooks.swift */ = {isa = PBXFileReference; lastKnownFileType = sourcecode.swift; path = "API+ITBooks.swift"; sourceTree = "<group>"; };
		01EF80CC27781A86007D36A5 /* SearchTableViewController.swift */ = {isa = PBXFileReference; lastKnownFileType = sourcecode.swift; path = SearchTableViewController.swift; sourceTree = "<group>"; };
		01EF80D127781D7E007D36A5 /* SearchResultViewController.swift */ = {isa = PBXFileReference; lastKnownFileType = sourcecode.swift; path = SearchResultViewController.swift; sourceTree = "<group>"; };
		01EF80D6277824EC007D36A5 /* StoryBoardInstantiable.swift */ = {isa = PBXFileReference; lastKnownFileType = sourcecode.swift; path = StoryBoardInstantiable.swift; sourceTree = "<group>"; };
		01EF80D8277828E2007D36A5 /* SearchTableViewModel.swift */ = {isa = PBXFileReference; lastKnownFileType = sourcecode.swift; path = SearchTableViewModel.swift; sourceTree = "<group>"; };
		01EF80DA277833D0007D36A5 /* ITBookStoreViewModelTests.swift */ = {isa = PBXFileReference; lastKnownFileType = sourcecode.swift; path = ITBookStoreViewModelTests.swift; sourceTree = "<group>"; };
/* End PBXFileReference section */

/* Begin PBXFrameworksBuildPhase section */
		01A0FC1C2775F70300F30271 /* Frameworks */ = {
			isa = PBXFrameworksBuildPhase;
			buildActionMask = 2147483647;
			files = (
				01EF80CB27781A74007D36A5 /* RxOptional in Frameworks */,
				01A0FC5B2775F99400F30271 /* RxSwift in Frameworks */,
				01EF80C627781A43007D36A5 /* Differentiator in Frameworks */,
				01EF80D027781C26007D36A5 /* Then in Frameworks */,
				01A0FC7F277617C300F30271 /* Alamofire in Frameworks */,
				01EF80C827781A43007D36A5 /* RxDataSources in Frameworks */,
				01A0FC592775F99400F30271 /* RxRelay in Frameworks */,
				01A0FC572775F99400F30271 /* RxCocoa in Frameworks */,
			);
			runOnlyForDeploymentPostprocessing = 0;
		};
		01A0FC322775F70500F30271 /* Frameworks */ = {
			isa = PBXFrameworksBuildPhase;
			buildActionMask = 2147483647;
			files = (
				01EF80DF277849DA007D36A5 /* RxSwift in Frameworks */,
				01EF80DD277849DA007D36A5 /* RxRelay in Frameworks */,
				01A0FC602775F9B700F30271 /* Quick in Frameworks */,
				01A0FC69277600E100F30271 /* RxNimble in Frameworks */,
				01A0FC5D2775F99400F30271 /* RxTest in Frameworks */,
				01A0FC552775F99400F30271 /* RxBlocking in Frameworks */,
			);
			runOnlyForDeploymentPostprocessing = 0;
		};
		01A0FC3C2775F70500F30271 /* Frameworks */ = {
			isa = PBXFrameworksBuildPhase;
			buildActionMask = 2147483647;
			files = (
			);
			runOnlyForDeploymentPostprocessing = 0;
		};
/* End PBXFrameworksBuildPhase section */

/* Begin PBXGroup section */
		010262AD2776C55800256906 /* Extensions */ = {
			isa = PBXGroup;
			children = (
				010262AE2776C56500256906 /* String+Extension.swift */,
				017A5726277744E400642F72 /* UIImageView+Extension.swift */,
			);
			path = Extensions;
			sourceTree = "<group>";
		};
		010262B02776C92C00256906 /* Common */ = {
			isa = PBXGroup;
			children = (
				010262B12776C94000256906 /* ViewModelType.swift */,
			);
			path = Common;
			sourceTree = "<group>";
		};
		017A57132776DAE800642F72 /* TestPlan */ = {
			isa = PBXGroup;
			children = (
				017A57152776DB4B00642F72 /* ITBookStore.xctestplan */,
				017A57182776DC2300642F72 /* ITBookStoreAPI.xctestplan */,
			);
			path = TestPlan;
			sourceTree = "<group>";
		};
		017A57192776DCDB00642F72 /* APITests */ = {
			isa = PBXGroup;
			children = (
				017A571A2776DD1000642F72 /* ITBookSotreAPITests.swift */,
			);
			path = APITests;
			sourceTree = "<group>";
		};
		017A572127770AD600642F72 /* Protocols */ = {
			isa = PBXGroup;
			children = (
				017A572227770AE900642F72 /* Cancellable.swift */,
			);
			path = Protocols;
			sourceTree = "<group>";
		};
		017A572827774E9800642F72 /* DataCache */ = {
			isa = PBXGroup;
			children = (
				017A572927774EA500642F72 /* DataCacheable.swift */,
			);
			path = DataCache;
			sourceTree = "<group>";
		};
		017A572B27775BFB00642F72 /* Util */ = {
			isa = PBXGroup;
			children = (
				017A572C27775C0200642F72 /* Atomic.swift */,
				01EF80D6277824EC007D36A5 /* StoryBoardInstantiable.swift */,
			);
			path = Util;
			sourceTree = "<group>";
		};
		01A0FC162775F70300F30271 = {
			isa = PBXGroup;
			children = (
				01A0FC522775F75000F30271 /* README.md */,
				01A0FC212775F70300F30271 /* ITBookStore */,
				01A0FC382775F70500F30271 /* ITBookStoreTests */,
				01A0FC422775F70500F30271 /* ITBookStoreUITests */,
				01A0FC202775F70300F30271 /* Products */,
				01A0FC67277600E100F30271 /* Frameworks */,
			);
			sourceTree = "<group>";
		};
		01A0FC202775F70300F30271 /* Products */ = {
			isa = PBXGroup;
			children = (
				01A0FC1F2775F70300F30271 /* ITBookStore.app */,
				01A0FC352775F70500F30271 /* ITBookStoreTests.xctest */,
				01A0FC3F2775F70500F30271 /* ITBookStoreUITests.xctest */,
			);
			name = Products;
			sourceTree = "<group>";
		};
		01A0FC212775F70300F30271 /* ITBookStore */ = {
			isa = PBXGroup;
			children = (
				01EF80C22778195E007D36A5 /* Scenes */,
				017A572B27775BFB00642F72 /* Util */,
				017A572827774E9800642F72 /* DataCache */,
				010262B02776C92C00256906 /* Common */,
				01A0FC782776130100F30271 /* Network */,
				01A0FC772776129400F30271 /* Repositories */,
				01A0FC6E2776057300F30271 /* Domain */,
				010262AD2776C55800256906 /* Extensions */,
				01A0FC222775F70300F30271 /* AppDelegate.swift */,
				01A0FC242775F70300F30271 /* SceneDelegate.swift */,
				01A0FC262775F70300F30271 /* ViewController.swift */,
				01A0FC282775F70300F30271 /* Main.storyboard */,
				01A0FC2B2775F70500F30271 /* Assets.xcassets */,
				01A0FC2D2775F70500F30271 /* LaunchScreen.storyboard */,
				017A57132776DAE800642F72 /* TestPlan */,
				01A0FC302775F70500F30271 /* Info.plist */,
			);
			path = ITBookStore;
			sourceTree = "<group>";
		};
		01A0FC382775F70500F30271 /* ITBookStoreTests */ = {
			isa = PBXGroup;
			children = (
				01A0FC392775F70500F30271 /* ITBookStoreEntityTests.swift */,
				01A0FC7227760D7100F30271 /* ITBookUseCaseTests.swift */,
				017A572E27776A7800642F72 /* ITBookStoreCacheTests.swift */,
				017A573027778F1900642F72 /* ITBookStoreImageViewTests.swift */,
				01EF80DA277833D0007D36A5 /* ITBookStoreViewModelTests.swift */,
				017A57192776DCDB00642F72 /* APITests */,
			);
			path = ITBookStoreTests;
			sourceTree = "<group>";
		};
		01A0FC422775F70500F30271 /* ITBookStoreUITests */ = {
			isa = PBXGroup;
			children = (
				01A0FC432775F70500F30271 /* ITBookStoreUITests.swift */,
				01A0FC452775F70500F30271 /* ITBookStoreUITestsLaunchTests.swift */,
			);
			path = ITBookStoreUITests;
			sourceTree = "<group>";
		};
		01A0FC642775FC1D00F30271 /* Entities */ = {
			isa = PBXGroup;
			children = (
				01A0FC652775FC3400F30271 /* ITBook.swift */,
				010262A92776BB4900256906 /* ITBookDetail.swift */,
			);
			path = Entities;
			sourceTree = "<group>";
		};
		01A0FC67277600E100F30271 /* Frameworks */ = {
			isa = PBXGroup;
			children = (
			);
			name = Frameworks;
			sourceTree = "<group>";
		};
		01A0FC6A2776020D00F30271 /* UseCases */ = {
			isa = PBXGroup;
			children = (
				01A0FC6C2776037C00F30271 /* SearchITBookUseCase.swift */,
			);
			path = UseCases;
			sourceTree = "<group>";
		};
		01A0FC6E2776057300F30271 /* Domain */ = {
			isa = PBXGroup;
			children = (
				017A572127770AD600642F72 /* Protocols */,
				01A0FC642775FC1D00F30271 /* Entities */,
				01A0FC6A2776020D00F30271 /* UseCases */,
				01A0FC6F2776082400F30271 /* Repositories */,
			);
			path = Domain;
			sourceTree = "<group>";
		};
		01A0FC6F2776082400F30271 /* Repositories */ = {
			isa = PBXGroup;
			children = (
				01A0FC702776084A00F30271 /* ITBookRepository.swift */,
			);
			path = Repositories;
			sourceTree = "<group>";
		};
		01A0FC772776129400F30271 /* Repositories */ = {
			isa = PBXGroup;
			children = (
				01A0FC792776160800F30271 /* ITBookStoreRepository.swift */,
			);
			path = Repositories;
			sourceTree = "<group>";
		};
		01A0FC782776130100F30271 /* Network */ = {
			isa = PBXGroup;
			children = (
				01A0FC8727761A1300F30271 /* ITBook */,
				01A0FC7B2776175D00F30271 /* API.swift */,
				01A0FC8827761B1D00F30271 /* APIError.swift */,
				01A0FC80277617FE00F30271 /* ParameterConvertable.swift */,
				01A0FC822776184A00F30271 /* ResponseConvertable.swift */,
			);
			path = Network;
			sourceTree = "<group>";
		};
		01A0FC8727761A1300F30271 /* ITBook */ = {
			isa = PBXGroup;
			children = (
				01A0FC8A2776296600F30271 /* ITBookStoreAPI.swift */,
				01A0FC8C27762C4D00F30271 /* API+ITBooks.swift */,
				017A571C2776E46600642F72 /* API+NewITBooks.swift */,
				010262AB2776BC1100256906 /* API+ITBookDetail.swift */,
			);
			path = ITBook;
			sourceTree = "<group>";
		};
		01EF80C22778195E007D36A5 /* Scenes */ = {
			isa = PBXGroup;
			children = (
				01EF80C32778198A007D36A5 /* Search */,
			);
			path = Scenes;
			sourceTree = "<group>";
		};
		01EF80C32778198A007D36A5 /* Search */ = {
			isa = PBXGroup;
			children = (
				01EF80CC27781A86007D36A5 /* SearchTableViewController.swift */,
				01EF80D127781D7E007D36A5 /* SearchResultViewController.swift */,
				01EF80D8277828E2007D36A5 /* SearchTableViewModel.swift */,
			);
			path = Search;
			sourceTree = "<group>";
		};
/* End PBXGroup section */

/* Begin PBXNativeTarget section */
		01A0FC1E2775F70300F30271 /* ITBookStore */ = {
			isa = PBXNativeTarget;
			buildConfigurationList = 01A0FC492775F70500F30271 /* Build configuration list for PBXNativeTarget "ITBookStore" */;
			buildPhases = (
				01A0FC1B2775F70300F30271 /* Sources */,
				01A0FC1C2775F70300F30271 /* Frameworks */,
				01A0FC1D2775F70300F30271 /* Resources */,
			);
			buildRules = (
			);
			dependencies = (
			);
			name = ITBookStore;
			packageProductDependencies = (
				01A0FC562775F99400F30271 /* RxCocoa */,
				01A0FC582775F99400F30271 /* RxRelay */,
				01A0FC5A2775F99400F30271 /* RxSwift */,
				01A0FC7E277617C300F30271 /* Alamofire */,
				01EF80C527781A43007D36A5 /* Differentiator */,
				01EF80C727781A43007D36A5 /* RxDataSources */,
				01EF80CA27781A74007D36A5 /* RxOptional */,
				01EF80CF27781C26007D36A5 /* Then */,
			);
			productName = ITBookStore;
			productReference = 01A0FC1F2775F70300F30271 /* ITBookStore.app */;
			productType = "com.apple.product-type.application";
		};
		01A0FC342775F70500F30271 /* ITBookStoreTests */ = {
			isa = PBXNativeTarget;
			buildConfigurationList = 01A0FC4C2775F70500F30271 /* Build configuration list for PBXNativeTarget "ITBookStoreTests" */;
			buildPhases = (
				01A0FC312775F70500F30271 /* Sources */,
				01A0FC322775F70500F30271 /* Frameworks */,
				01A0FC332775F70500F30271 /* Resources */,
			);
			buildRules = (
			);
			dependencies = (
				01A0FC372775F70500F30271 /* PBXTargetDependency */,
			);
			name = ITBookStoreTests;
			packageProductDependencies = (
				01A0FC542775F99400F30271 /* RxBlocking */,
				01A0FC5C2775F99400F30271 /* RxTest */,
				01A0FC5F2775F9B700F30271 /* Quick */,
				01A0FC68277600E100F30271 /* RxNimble */,
				01EF80DC277849DA007D36A5 /* RxRelay */,
				01EF80DE277849DA007D36A5 /* RxSwift */,
			);
			productName = ITBookStoreTests;
			productReference = 01A0FC352775F70500F30271 /* ITBookStoreTests.xctest */;
			productType = "com.apple.product-type.bundle.unit-test";
		};
		01A0FC3E2775F70500F30271 /* ITBookStoreUITests */ = {
			isa = PBXNativeTarget;
			buildConfigurationList = 01A0FC4F2775F70500F30271 /* Build configuration list for PBXNativeTarget "ITBookStoreUITests" */;
			buildPhases = (
				01A0FC3B2775F70500F30271 /* Sources */,
				01A0FC3C2775F70500F30271 /* Frameworks */,
				01A0FC3D2775F70500F30271 /* Resources */,
			);
			buildRules = (
			);
			dependencies = (
				01A0FC412775F70500F30271 /* PBXTargetDependency */,
			);
			name = ITBookStoreUITests;
			productName = ITBookStoreUITests;
			productReference = 01A0FC3F2775F70500F30271 /* ITBookStoreUITests.xctest */;
			productType = "com.apple.product-type.bundle.ui-testing";
		};
/* End PBXNativeTarget section */

/* Begin PBXProject section */
		01A0FC172775F70300F30271 /* Project object */ = {
			isa = PBXProject;
			attributes = {
				BuildIndependentTargetsInParallel = 1;
				LastSwiftUpdateCheck = 1300;
				LastUpgradeCheck = 1300;
				TargetAttributes = {
					01A0FC1E2775F70300F30271 = {
						CreatedOnToolsVersion = 13.0;
					};
					01A0FC342775F70500F30271 = {
						CreatedOnToolsVersion = 13.0;
						TestTargetID = 01A0FC1E2775F70300F30271;
					};
					01A0FC3E2775F70500F30271 = {
						CreatedOnToolsVersion = 13.0;
						TestTargetID = 01A0FC1E2775F70300F30271;
					};
				};
			};
			buildConfigurationList = 01A0FC1A2775F70300F30271 /* Build configuration list for PBXProject "ITBookStore" */;
			compatibilityVersion = "Xcode 13.0";
			developmentRegion = en;
			hasScannedForEncodings = 0;
			knownRegions = (
				en,
				Base,
			);
			mainGroup = 01A0FC162775F70300F30271;
			packageReferences = (
				01A0FC532775F99400F30271 /* XCRemoteSwiftPackageReference "RxSwift" */,
				01A0FC5E2775F9B700F30271 /* XCRemoteSwiftPackageReference "Quick" */,
				01A0FC612775F9DB00F30271 /* XCRemoteSwiftPackageReference "RxNimble" */,
				01A0FC7D277617C300F30271 /* XCRemoteSwiftPackageReference "Alamofire" */,
				01EF80C427781A43007D36A5 /* XCRemoteSwiftPackageReference "RxDataSources" */,
				01EF80C927781A74007D36A5 /* XCRemoteSwiftPackageReference "RxOptional" */,
				01EF80CE27781C26007D36A5 /* XCRemoteSwiftPackageReference "Then" */,
			);
			productRefGroup = 01A0FC202775F70300F30271 /* Products */;
			projectDirPath = "";
			projectRoot = "";
			targets = (
				01A0FC1E2775F70300F30271 /* ITBookStore */,
				01A0FC342775F70500F30271 /* ITBookStoreTests */,
				01A0FC3E2775F70500F30271 /* ITBookStoreUITests */,
			);
		};
/* End PBXProject section */

/* Begin PBXResourcesBuildPhase section */
		01A0FC1D2775F70300F30271 /* Resources */ = {
			isa = PBXResourcesBuildPhase;
			buildActionMask = 2147483647;
			files = (
				01A0FC2F2775F70500F30271 /* LaunchScreen.storyboard in Resources */,
				01A0FC2C2775F70500F30271 /* Assets.xcassets in Resources */,
				01A0FC2A2775F70300F30271 /* Main.storyboard in Resources */,
			);
			runOnlyForDeploymentPostprocessing = 0;
		};
		01A0FC332775F70500F30271 /* Resources */ = {
			isa = PBXResourcesBuildPhase;
			buildActionMask = 2147483647;
			files = (
			);
			runOnlyForDeploymentPostprocessing = 0;
		};
		01A0FC3D2775F70500F30271 /* Resources */ = {
			isa = PBXResourcesBuildPhase;
			buildActionMask = 2147483647;
			files = (
			);
			runOnlyForDeploymentPostprocessing = 0;
		};
/* End PBXResourcesBuildPhase section */

/* Begin PBXSourcesBuildPhase section */
		01A0FC1B2775F70300F30271 /* Sources */ = {
			isa = PBXSourcesBuildPhase;
			buildActionMask = 2147483647;
			files = (
				010262AF2776C56500256906 /* String+Extension.swift in Sources */,
				017A571D2776E46600642F72 /* API+NewITBooks.swift in Sources */,
				01EF80CD27781A86007D36A5 /* SearchTableViewController.swift in Sources */,
				01A0FC8D27762C4D00F30271 /* API+ITBooks.swift in Sources */,
				01A0FC272775F70300F30271 /* ViewController.swift in Sources */,
				01A0FC232775F70300F30271 /* AppDelegate.swift in Sources */,
				010262AC2776BC1100256906 /* API+ITBookDetail.swift in Sources */,
				01A0FC832776184A00F30271 /* ResponseConvertable.swift in Sources */,
				01A0FC252775F70300F30271 /* SceneDelegate.swift in Sources */,
				017A5727277744E400642F72 /* UIImageView+Extension.swift in Sources */,
				01EF80D7277824EC007D36A5 /* StoryBoardInstantiable.swift in Sources */,
				01A0FC8B2776296600F30271 /* ITBookStoreAPI.swift in Sources */,
				017A572D27775C0200642F72 /* Atomic.swift in Sources */,
				017A572327770AE900642F72 /* Cancellable.swift in Sources */,
				010262AA2776BB4900256906 /* ITBookDetail.swift in Sources */,
				01A0FC712776084A00F30271 /* ITBookRepository.swift in Sources */,
				010262B22776C94000256906 /* ViewModelType.swift in Sources */,
				01A0FC81277617FE00F30271 /* ParameterConvertable.swift in Sources */,
				01A0FC7A2776160800F30271 /* ITBookStoreRepository.swift in Sources */,
				01A0FC6D2776037C00F30271 /* SearchITBookUseCase.swift in Sources */,
				01A0FC7C2776175D00F30271 /* API.swift in Sources */,
				01EF80D9277828E2007D36A5 /* SearchTableViewModel.swift in Sources */,
				01A0FC8927761B1D00F30271 /* APIError.swift in Sources */,
				01A0FC662775FC3400F30271 /* ITBook.swift in Sources */,
				01EF80D227781D7E007D36A5 /* SearchResultViewController.swift in Sources */,
				017A572A27774EA500642F72 /* DataCacheable.swift in Sources */,
			);
			runOnlyForDeploymentPostprocessing = 0;
		};
		01A0FC312775F70500F30271 /* Sources */ = {
			isa = PBXSourcesBuildPhase;
			buildActionMask = 2147483647;
			files = (
				017A571B2776DD1000642F72 /* ITBookSotreAPITests.swift in Sources */,
				01A0FC3A2775F70500F30271 /* ITBookStoreEntityTests.swift in Sources */,
				01EF80DB277833D0007D36A5 /* ITBookStoreViewModelTests.swift in Sources */,
				017A572F27776A7800642F72 /* ITBookStoreCacheTests.swift in Sources */,
				017A573127778F1900642F72 /* ITBookStoreImageViewTests.swift in Sources */,
				01A0FC7327760D7100F30271 /* ITBookUseCaseTests.swift in Sources */,
			);
			runOnlyForDeploymentPostprocessing = 0;
		};
		01A0FC3B2775F70500F30271 /* Sources */ = {
			isa = PBXSourcesBuildPhase;
			buildActionMask = 2147483647;
			files = (
				01A0FC462775F70500F30271 /* ITBookStoreUITestsLaunchTests.swift in Sources */,
				01A0FC442775F70500F30271 /* ITBookStoreUITests.swift in Sources */,
			);
			runOnlyForDeploymentPostprocessing = 0;
		};
/* End PBXSourcesBuildPhase section */

/* Begin PBXTargetDependency section */
		01A0FC372775F70500F30271 /* PBXTargetDependency */ = {
			isa = PBXTargetDependency;
			target = 01A0FC1E2775F70300F30271 /* ITBookStore */;
			targetProxy = 01A0FC362775F70500F30271 /* PBXContainerItemProxy */;
		};
		01A0FC412775F70500F30271 /* PBXTargetDependency */ = {
			isa = PBXTargetDependency;
			target = 01A0FC1E2775F70300F30271 /* ITBookStore */;
			targetProxy = 01A0FC402775F70500F30271 /* PBXContainerItemProxy */;
		};
/* End PBXTargetDependency section */

/* Begin PBXVariantGroup section */
		01A0FC282775F70300F30271 /* Main.storyboard */ = {
			isa = PBXVariantGroup;
			children = (
				01A0FC292775F70300F30271 /* Base */,
			);
			name = Main.storyboard;
			sourceTree = "<group>";
		};
		01A0FC2D2775F70500F30271 /* LaunchScreen.storyboard */ = {
			isa = PBXVariantGroup;
			children = (
				01A0FC2E2775F70500F30271 /* Base */,
			);
			name = LaunchScreen.storyboard;
			sourceTree = "<group>";
		};
/* End PBXVariantGroup section */

/* Begin XCBuildConfiguration section */
		01A0FC472775F70500F30271 /* Debug */ = {
			isa = XCBuildConfiguration;
			buildSettings = {
				ALWAYS_SEARCH_USER_PATHS = NO;
				CLANG_ANALYZER_NONNULL = YES;
				CLANG_ANALYZER_NUMBER_OBJECT_CONVERSION = YES_AGGRESSIVE;
				CLANG_CXX_LANGUAGE_STANDARD = "gnu++17";
				CLANG_CXX_LIBRARY = "libc++";
				CLANG_ENABLE_MODULES = YES;
				CLANG_ENABLE_OBJC_ARC = YES;
				CLANG_ENABLE_OBJC_WEAK = YES;
				CLANG_WARN_BLOCK_CAPTURE_AUTORELEASING = YES;
				CLANG_WARN_BOOL_CONVERSION = YES;
				CLANG_WARN_COMMA = YES;
				CLANG_WARN_CONSTANT_CONVERSION = YES;
				CLANG_WARN_DEPRECATED_OBJC_IMPLEMENTATIONS = YES;
				CLANG_WARN_DIRECT_OBJC_ISA_USAGE = YES_ERROR;
				CLANG_WARN_DOCUMENTATION_COMMENTS = YES;
				CLANG_WARN_EMPTY_BODY = YES;
				CLANG_WARN_ENUM_CONVERSION = YES;
				CLANG_WARN_INFINITE_RECURSION = YES;
				CLANG_WARN_INT_CONVERSION = YES;
				CLANG_WARN_NON_LITERAL_NULL_CONVERSION = YES;
				CLANG_WARN_OBJC_IMPLICIT_RETAIN_SELF = YES;
				CLANG_WARN_OBJC_LITERAL_CONVERSION = YES;
				CLANG_WARN_OBJC_ROOT_CLASS = YES_ERROR;
				CLANG_WARN_QUOTED_INCLUDE_IN_FRAMEWORK_HEADER = YES;
				CLANG_WARN_RANGE_LOOP_ANALYSIS = YES;
				CLANG_WARN_STRICT_PROTOTYPES = YES;
				CLANG_WARN_SUSPICIOUS_MOVE = YES;
				CLANG_WARN_UNGUARDED_AVAILABILITY = YES_AGGRESSIVE;
				CLANG_WARN_UNREACHABLE_CODE = YES;
				CLANG_WARN__DUPLICATE_METHOD_MATCH = YES;
				COPY_PHASE_STRIP = NO;
				DEBUG_INFORMATION_FORMAT = dwarf;
				ENABLE_STRICT_OBJC_MSGSEND = YES;
				ENABLE_TESTABILITY = YES;
				GCC_C_LANGUAGE_STANDARD = gnu11;
				GCC_DYNAMIC_NO_PIC = NO;
				GCC_NO_COMMON_BLOCKS = YES;
				GCC_OPTIMIZATION_LEVEL = 0;
				GCC_PREPROCESSOR_DEFINITIONS = (
					"DEBUG=1",
					"$(inherited)",
				);
				GCC_WARN_64_TO_32_BIT_CONVERSION = YES;
				GCC_WARN_ABOUT_RETURN_TYPE = YES_ERROR;
				GCC_WARN_UNDECLARED_SELECTOR = YES;
				GCC_WARN_UNINITIALIZED_AUTOS = YES_AGGRESSIVE;
				GCC_WARN_UNUSED_FUNCTION = YES;
				GCC_WARN_UNUSED_VARIABLE = YES;
				IPHONEOS_DEPLOYMENT_TARGET = 15.0;
				MTL_ENABLE_DEBUG_INFO = INCLUDE_SOURCE;
				MTL_FAST_MATH = YES;
				ONLY_ACTIVE_ARCH = YES;
				SDKROOT = iphoneos;
				SWIFT_ACTIVE_COMPILATION_CONDITIONS = DEBUG;
				SWIFT_OPTIMIZATION_LEVEL = "-Onone";
			};
			name = Debug;
		};
		01A0FC482775F70500F30271 /* Release */ = {
			isa = XCBuildConfiguration;
			buildSettings = {
				ALWAYS_SEARCH_USER_PATHS = NO;
				CLANG_ANALYZER_NONNULL = YES;
				CLANG_ANALYZER_NUMBER_OBJECT_CONVERSION = YES_AGGRESSIVE;
				CLANG_CXX_LANGUAGE_STANDARD = "gnu++17";
				CLANG_CXX_LIBRARY = "libc++";
				CLANG_ENABLE_MODULES = YES;
				CLANG_ENABLE_OBJC_ARC = YES;
				CLANG_ENABLE_OBJC_WEAK = YES;
				CLANG_WARN_BLOCK_CAPTURE_AUTORELEASING = YES;
				CLANG_WARN_BOOL_CONVERSION = YES;
				CLANG_WARN_COMMA = YES;
				CLANG_WARN_CONSTANT_CONVERSION = YES;
				CLANG_WARN_DEPRECATED_OBJC_IMPLEMENTATIONS = YES;
				CLANG_WARN_DIRECT_OBJC_ISA_USAGE = YES_ERROR;
				CLANG_WARN_DOCUMENTATION_COMMENTS = YES;
				CLANG_WARN_EMPTY_BODY = YES;
				CLANG_WARN_ENUM_CONVERSION = YES;
				CLANG_WARN_INFINITE_RECURSION = YES;
				CLANG_WARN_INT_CONVERSION = YES;
				CLANG_WARN_NON_LITERAL_NULL_CONVERSION = YES;
				CLANG_WARN_OBJC_IMPLICIT_RETAIN_SELF = YES;
				CLANG_WARN_OBJC_LITERAL_CONVERSION = YES;
				CLANG_WARN_OBJC_ROOT_CLASS = YES_ERROR;
				CLANG_WARN_QUOTED_INCLUDE_IN_FRAMEWORK_HEADER = YES;
				CLANG_WARN_RANGE_LOOP_ANALYSIS = YES;
				CLANG_WARN_STRICT_PROTOTYPES = YES;
				CLANG_WARN_SUSPICIOUS_MOVE = YES;
				CLANG_WARN_UNGUARDED_AVAILABILITY = YES_AGGRESSIVE;
				CLANG_WARN_UNREACHABLE_CODE = YES;
				CLANG_WARN__DUPLICATE_METHOD_MATCH = YES;
				COPY_PHASE_STRIP = NO;
				DEBUG_INFORMATION_FORMAT = "dwarf-with-dsym";
				ENABLE_NS_ASSERTIONS = NO;
				ENABLE_STRICT_OBJC_MSGSEND = YES;
				GCC_C_LANGUAGE_STANDARD = gnu11;
				GCC_NO_COMMON_BLOCKS = YES;
				GCC_WARN_64_TO_32_BIT_CONVERSION = YES;
				GCC_WARN_ABOUT_RETURN_TYPE = YES_ERROR;
				GCC_WARN_UNDECLARED_SELECTOR = YES;
				GCC_WARN_UNINITIALIZED_AUTOS = YES_AGGRESSIVE;
				GCC_WARN_UNUSED_FUNCTION = YES;
				GCC_WARN_UNUSED_VARIABLE = YES;
				IPHONEOS_DEPLOYMENT_TARGET = 15.0;
				MTL_ENABLE_DEBUG_INFO = NO;
				MTL_FAST_MATH = YES;
				SDKROOT = iphoneos;
				SWIFT_COMPILATION_MODE = wholemodule;
				SWIFT_OPTIMIZATION_LEVEL = "-O";
				VALIDATE_PRODUCT = YES;
			};
			name = Release;
		};
		01A0FC4A2775F70500F30271 /* Debug */ = {
			isa = XCBuildConfiguration;
			buildSettings = {
				ASSETCATALOG_COMPILER_APPICON_NAME = AppIcon;
				ASSETCATALOG_COMPILER_GLOBAL_ACCENT_COLOR_NAME = AccentColor;
				CODE_SIGN_STYLE = Manual;
				CURRENT_PROJECT_VERSION = 1;
				DEVELOPMENT_TEAM = "";
				GENERATE_INFOPLIST_FILE = YES;
				INFOPLIST_FILE = ITBookStore/Info.plist;
				INFOPLIST_KEY_UIApplicationSupportsIndirectInputEvents = YES;
				INFOPLIST_KEY_UILaunchStoryboardName = LaunchScreen;
				INFOPLIST_KEY_UIMainStoryboardFile = Main;
				INFOPLIST_KEY_UISupportedInterfaceOrientations_iPad = "UIInterfaceOrientationPortrait UIInterfaceOrientationPortraitUpsideDown UIInterfaceOrientationLandscapeLeft UIInterfaceOrientationLandscapeRight";
				INFOPLIST_KEY_UISupportedInterfaceOrientations_iPhone = "UIInterfaceOrientationPortrait UIInterfaceOrientationLandscapeLeft UIInterfaceOrientationLandscapeRight";
				LD_RUNPATH_SEARCH_PATHS = (
					"$(inherited)",
					"@executable_path/Frameworks",
				);
				MARKETING_VERSION = 1.0;
				PRODUCT_BUNDLE_IDENTIFIER = com.nick.ITBookStore;
				PRODUCT_NAME = "$(TARGET_NAME)";
				PROVISIONING_PROFILE_SPECIFIER = "";
				SWIFT_EMIT_LOC_STRINGS = YES;
				SWIFT_VERSION = 5.0;
				TARGETED_DEVICE_FAMILY = "1,2";
			};
			name = Debug;
		};
		01A0FC4B2775F70500F30271 /* Release */ = {
			isa = XCBuildConfiguration;
			buildSettings = {
				ASSETCATALOG_COMPILER_APPICON_NAME = AppIcon;
				ASSETCATALOG_COMPILER_GLOBAL_ACCENT_COLOR_NAME = AccentColor;
				CODE_SIGN_STYLE = Manual;
				CURRENT_PROJECT_VERSION = 1;
				DEVELOPMENT_TEAM = "";
				GENERATE_INFOPLIST_FILE = YES;
				INFOPLIST_FILE = ITBookStore/Info.plist;
				INFOPLIST_KEY_UIApplicationSupportsIndirectInputEvents = YES;
				INFOPLIST_KEY_UILaunchStoryboardName = LaunchScreen;
				INFOPLIST_KEY_UIMainStoryboardFile = Main;
				INFOPLIST_KEY_UISupportedInterfaceOrientations_iPad = "UIInterfaceOrientationPortrait UIInterfaceOrientationPortraitUpsideDown UIInterfaceOrientationLandscapeLeft UIInterfaceOrientationLandscapeRight";
				INFOPLIST_KEY_UISupportedInterfaceOrientations_iPhone = "UIInterfaceOrientationPortrait UIInterfaceOrientationLandscapeLeft UIInterfaceOrientationLandscapeRight";
				LD_RUNPATH_SEARCH_PATHS = (
					"$(inherited)",
					"@executable_path/Frameworks",
				);
				MARKETING_VERSION = 1.0;
				PRODUCT_BUNDLE_IDENTIFIER = com.nick.ITBookStore;
				PRODUCT_NAME = "$(TARGET_NAME)";
				PROVISIONING_PROFILE_SPECIFIER = "";
				SWIFT_EMIT_LOC_STRINGS = YES;
				SWIFT_VERSION = 5.0;
				TARGETED_DEVICE_FAMILY = "1,2";
			};
			name = Release;
		};
		01A0FC4D2775F70500F30271 /* Debug */ = {
			isa = XCBuildConfiguration;
			buildSettings = {
				ALWAYS_EMBED_SWIFT_STANDARD_LIBRARIES = YES;
				BUNDLE_LOADER = "$(TEST_HOST)";
				CODE_SIGN_STYLE = Manual;
				CURRENT_PROJECT_VERSION = 1;
				DEVELOPMENT_TEAM = "";
				GENERATE_INFOPLIST_FILE = YES;
				IPHONEOS_DEPLOYMENT_TARGET = 15.0;
				LD_RUNPATH_SEARCH_PATHS = (
					"$(inherited)",
					"@executable_path/Frameworks",
					"@loader_path/Frameworks",
				);
				MARKETING_VERSION = 1.0;
				PRODUCT_BUNDLE_IDENTIFIER = com.nick.ITBookStoreTests;
				PRODUCT_NAME = "$(TARGET_NAME)";
				PROVISIONING_PROFILE_SPECIFIER = "";
				"PROVISIONING_PROFILE_SPECIFIER[sdk=macosx*]" = "";
				SWIFT_EMIT_LOC_STRINGS = NO;
				SWIFT_VERSION = 5.0;
				TARGETED_DEVICE_FAMILY = "1,2";
				TEST_HOST = "$(BUILT_PRODUCTS_DIR)/ITBookStore.app/ITBookStore";
			};
			name = Debug;
		};
		01A0FC4E2775F70500F30271 /* Release */ = {
			isa = XCBuildConfiguration;
			buildSettings = {
				ALWAYS_EMBED_SWIFT_STANDARD_LIBRARIES = YES;
				BUNDLE_LOADER = "$(TEST_HOST)";
				CODE_SIGN_STYLE = Manual;
				CURRENT_PROJECT_VERSION = 1;
				DEVELOPMENT_TEAM = "";
				GENERATE_INFOPLIST_FILE = YES;
				IPHONEOS_DEPLOYMENT_TARGET = 15.0;
				LD_RUNPATH_SEARCH_PATHS = (
					"$(inherited)",
					"@executable_path/Frameworks",
					"@loader_path/Frameworks",
				);
				MARKETING_VERSION = 1.0;
				PRODUCT_BUNDLE_IDENTIFIER = com.nick.ITBookStoreTests;
				PRODUCT_NAME = "$(TARGET_NAME)";
				PROVISIONING_PROFILE_SPECIFIER = "";
				"PROVISIONING_PROFILE_SPECIFIER[sdk=macosx*]" = "";
				SWIFT_EMIT_LOC_STRINGS = NO;
				SWIFT_VERSION = 5.0;
				TARGETED_DEVICE_FAMILY = "1,2";
				TEST_HOST = "$(BUILT_PRODUCTS_DIR)/ITBookStore.app/ITBookStore";
			};
			name = Release;
		};
		01A0FC502775F70500F30271 /* Debug */ = {
			isa = XCBuildConfiguration;
			buildSettings = {
				ALWAYS_EMBED_SWIFT_STANDARD_LIBRARIES = YES;
				CODE_SIGN_STYLE = Automatic;
				CURRENT_PROJECT_VERSION = 1;
				GENERATE_INFOPLIST_FILE = YES;
				LD_RUNPATH_SEARCH_PATHS = (
					"$(inherited)",
					"@executable_path/Frameworks",
					"@loader_path/Frameworks",
				);
				MARKETING_VERSION = 1.0;
				PRODUCT_BUNDLE_IDENTIFIER = com.nick.ITBookStoreUITests;
				PRODUCT_NAME = "$(TARGET_NAME)";
				SWIFT_EMIT_LOC_STRINGS = NO;
				SWIFT_VERSION = 5.0;
				TARGETED_DEVICE_FAMILY = "1,2";
				TEST_TARGET_NAME = ITBookStore;
			};
			name = Debug;
		};
		01A0FC512775F70500F30271 /* Release */ = {
			isa = XCBuildConfiguration;
			buildSettings = {
				ALWAYS_EMBED_SWIFT_STANDARD_LIBRARIES = YES;
				CODE_SIGN_STYLE = Automatic;
				CURRENT_PROJECT_VERSION = 1;
				GENERATE_INFOPLIST_FILE = YES;
				LD_RUNPATH_SEARCH_PATHS = (
					"$(inherited)",
					"@executable_path/Frameworks",
					"@loader_path/Frameworks",
				);
				MARKETING_VERSION = 1.0;
				PRODUCT_BUNDLE_IDENTIFIER = com.nick.ITBookStoreUITests;
				PRODUCT_NAME = "$(TARGET_NAME)";
				SWIFT_EMIT_LOC_STRINGS = NO;
				SWIFT_VERSION = 5.0;
				TARGETED_DEVICE_FAMILY = "1,2";
				TEST_TARGET_NAME = ITBookStore;
			};
			name = Release;
		};
/* End XCBuildConfiguration section */

/* Begin XCConfigurationList section */
		01A0FC1A2775F70300F30271 /* Build configuration list for PBXProject "ITBookStore" */ = {
			isa = XCConfigurationList;
			buildConfigurations = (
				01A0FC472775F70500F30271 /* Debug */,
				01A0FC482775F70500F30271 /* Release */,
			);
			defaultConfigurationIsVisible = 0;
			defaultConfigurationName = Release;
		};
		01A0FC492775F70500F30271 /* Build configuration list for PBXNativeTarget "ITBookStore" */ = {
			isa = XCConfigurationList;
			buildConfigurations = (
				01A0FC4A2775F70500F30271 /* Debug */,
				01A0FC4B2775F70500F30271 /* Release */,
			);
			defaultConfigurationIsVisible = 0;
			defaultConfigurationName = Release;
		};
		01A0FC4C2775F70500F30271 /* Build configuration list for PBXNativeTarget "ITBookStoreTests" */ = {
			isa = XCConfigurationList;
			buildConfigurations = (
				01A0FC4D2775F70500F30271 /* Debug */,
				01A0FC4E2775F70500F30271 /* Release */,
			);
			defaultConfigurationIsVisible = 0;
			defaultConfigurationName = Release;
		};
		01A0FC4F2775F70500F30271 /* Build configuration list for PBXNativeTarget "ITBookStoreUITests" */ = {
			isa = XCConfigurationList;
			buildConfigurations = (
				01A0FC502775F70500F30271 /* Debug */,
				01A0FC512775F70500F30271 /* Release */,
			);
			defaultConfigurationIsVisible = 0;
			defaultConfigurationName = Release;
		};
/* End XCConfigurationList section */

/* Begin XCRemoteSwiftPackageReference section */
		01A0FC532775F99400F30271 /* XCRemoteSwiftPackageReference "RxSwift" */ = {
			isa = XCRemoteSwiftPackageReference;
			repositoryURL = "https://github.com/ReactiveX/RxSwift.git";
			requirement = {
				kind = upToNextMajorVersion;
				minimumVersion = 6.0.0;
			};
		};
		01A0FC5E2775F9B700F30271 /* XCRemoteSwiftPackageReference "Quick" */ = {
			isa = XCRemoteSwiftPackageReference;
			repositoryURL = "https://github.com/Quick/Quick";
			requirement = {
				kind = upToNextMajorVersion;
				minimumVersion = 4.0.0;
			};
		};
		01A0FC612775F9DB00F30271 /* XCRemoteSwiftPackageReference "RxNimble" */ = {
			isa = XCRemoteSwiftPackageReference;
			repositoryURL = "https://github.com/RxSwiftCommunity/RxNimble";
			requirement = {
				kind = upToNextMajorVersion;
				minimumVersion = 5.0.0;
			};
		};
		01A0FC7D277617C300F30271 /* XCRemoteSwiftPackageReference "Alamofire" */ = {
			isa = XCRemoteSwiftPackageReference;
			repositoryURL = "https://github.com/Alamofire/Alamofire";
			requirement = {
				kind = upToNextMajorVersion;
				minimumVersion = 5.0.0;
			};
		};
		01EF80C427781A43007D36A5 /* XCRemoteSwiftPackageReference "RxDataSources" */ = {
			isa = XCRemoteSwiftPackageReference;
			repositoryURL = "https://github.com/RxSwiftCommunity/RxDataSources";
			requirement = {
				kind = upToNextMajorVersion;
				minimumVersion = 5.0.0;
			};
		};
		01EF80C927781A74007D36A5 /* XCRemoteSwiftPackageReference "RxOptional" */ = {
			isa = XCRemoteSwiftPackageReference;
			repositoryURL = "https://github.com/RxSwiftCommunity/RxOptional";
			requirement = {
				kind = upToNextMajorVersion;
				minimumVersion = 5.0.0;
			};
		};
		01EF80CE27781C26007D36A5 /* XCRemoteSwiftPackageReference "Then" */ = {
			isa = XCRemoteSwiftPackageReference;
			repositoryURL = "https://github.com/devxoul/Then";
			requirement = {
				kind = upToNextMajorVersion;
				minimumVersion = 2.0.0;
			};
		};
/* End XCRemoteSwiftPackageReference section */

/* Begin XCSwiftPackageProductDependency section */
		01A0FC542775F99400F30271 /* RxBlocking */ = {
			isa = XCSwiftPackageProductDependency;
			package = 01A0FC532775F99400F30271 /* XCRemoteSwiftPackageReference "RxSwift" */;
			productName = RxBlocking;
		};
		01A0FC562775F99400F30271 /* RxCocoa */ = {
			isa = XCSwiftPackageProductDependency;
			package = 01A0FC532775F99400F30271 /* XCRemoteSwiftPackageReference "RxSwift" */;
			productName = RxCocoa;
		};
		01A0FC582775F99400F30271 /* RxRelay */ = {
			isa = XCSwiftPackageProductDependency;
			package = 01A0FC532775F99400F30271 /* XCRemoteSwiftPackageReference "RxSwift" */;
			productName = RxRelay;
		};
		01A0FC5A2775F99400F30271 /* RxSwift */ = {
			isa = XCSwiftPackageProductDependency;
			package = 01A0FC532775F99400F30271 /* XCRemoteSwiftPackageReference "RxSwift" */;
			productName = RxSwift;
		};
		01A0FC5C2775F99400F30271 /* RxTest */ = {
			isa = XCSwiftPackageProductDependency;
			package = 01A0FC532775F99400F30271 /* XCRemoteSwiftPackageReference "RxSwift" */;
			productName = RxTest;
		};
		01A0FC5F2775F9B700F30271 /* Quick */ = {
			isa = XCSwiftPackageProductDependency;
			package = 01A0FC5E2775F9B700F30271 /* XCRemoteSwiftPackageReference "Quick" */;
			productName = Quick;
		};
		01A0FC68277600E100F30271 /* RxNimble */ = {
			isa = XCSwiftPackageProductDependency;
			package = 01A0FC612775F9DB00F30271 /* XCRemoteSwiftPackageReference "RxNimble" */;
			productName = RxNimble;
		};
		01A0FC7E277617C300F30271 /* Alamofire */ = {
			isa = XCSwiftPackageProductDependency;
			package = 01A0FC7D277617C300F30271 /* XCRemoteSwiftPackageReference "Alamofire" */;
			productName = Alamofire;
		};
		01EF80C527781A43007D36A5 /* Differentiator */ = {
			isa = XCSwiftPackageProductDependency;
			package = 01EF80C427781A43007D36A5 /* XCRemoteSwiftPackageReference "RxDataSources" */;
			productName = Differentiator;
		};
		01EF80C727781A43007D36A5 /* RxDataSources */ = {
			isa = XCSwiftPackageProductDependency;
			package = 01EF80C427781A43007D36A5 /* XCRemoteSwiftPackageReference "RxDataSources" */;
			productName = RxDataSources;
		};
		01EF80CA27781A74007D36A5 /* RxOptional */ = {
			isa = XCSwiftPackageProductDependency;
			package = 01EF80C927781A74007D36A5 /* XCRemoteSwiftPackageReference "RxOptional" */;
			productName = RxOptional;
		};
		01EF80CF27781C26007D36A5 /* Then */ = {
			isa = XCSwiftPackageProductDependency;
			package = 01EF80CE27781C26007D36A5 /* XCRemoteSwiftPackageReference "Then" */;
			productName = Then;
		};
		01EF80DC277849DA007D36A5 /* RxRelay */ = {
			isa = XCSwiftPackageProductDependency;
			package = 01A0FC532775F99400F30271 /* XCRemoteSwiftPackageReference "RxSwift" */;
			productName = RxRelay;
		};
		01EF80DE277849DA007D36A5 /* RxSwift */ = {
			isa = XCSwiftPackageProductDependency;
			package = 01A0FC532775F99400F30271 /* XCRemoteSwiftPackageReference "RxSwift" */;
			productName = RxSwift;
		};
/* End XCSwiftPackageProductDependency section */
	};
	rootObject = 01A0FC172775F70300F30271 /* Project object */;
}
